Microsoft Visual Studio Solution File, Format Version 11.00
# Visual Studio 2008

Project("{97BA5EBE-A1CE-BFF0-7B99-2FED2F06907E}") = "PunkRock_Repository", "Assembly-CSharp-firstpass.csproj", "{49B031CF-B99E-28F2-296F-BF8C01EB1788}"
EndProject
Project("{97BA5EBE-A1CE-BFF0-7B99-2FED2F06907E}") = "PunkRock_Repository", "Assembly-CSharp.csproj", "{1BDC775E-5389-6729-5C3A-50E5BFE9445B}"
EndProject
Project("{97BA5EBE-A1CE-BFF0-7B99-2FED2F06907E}") = "PunkRock_Repository", "Assembly-CSharp-Editor.csproj", "{563B0B57-A34B-B63E-605F-87B15148B120}"
EndProject
Project("{97BA5EBE-A1CE-BFF0-7B99-2FED2F06907E}") = "PunkRock_Repository", "Assembly-UnityScript.unityproj", "{463AE062-089F-9613-7263-6E77F0C9C160}"
EndProject
Global
	GlobalSection(SolutionConfigurationPlatforms) = preSolution
		Debug|Any CPU = Debug|Any CPU
		Release|Any CPU = Release|Any CPU
	EndGlobalSection
	GlobalSection(ProjectConfigurationPlatforms) = postSolution
		{49B031CF-B99E-28F2-296F-BF8C01EB1788}.Debug|Any CPU.ActiveCfg = Debug|Any CPU
		{49B031CF-B99E-28F2-296F-BF8C01EB1788}.Debug|Any CPU.Build.0 = Debug|Any CPU
		{49B031CF-B99E-28F2-296F-BF8C01EB1788}.Release|Any CPU.ActiveCfg = Release|Any CPU
		{49B031CF-B99E-28F2-296F-BF8C01EB1788}.Release|Any CPU.Build.0 = Release|Any CPU
		{1BDC775E-5389-6729-5C3A-50E5BFE9445B}.Debug|Any CPU.ActiveCfg = Debug|Any CPU
		{1BDC775E-5389-6729-5C3A-50E5BFE9445B}.Debug|Any CPU.Build.0 = Debug|Any CPU
		{1BDC775E-5389-6729-5C3A-50E5BFE9445B}.Release|Any CPU.ActiveCfg = Release|Any CPU
		{1BDC775E-5389-6729-5C3A-50E5BFE9445B}.Release|Any CPU.Build.0 = Release|Any CPU
		{563B0B57-A34B-B63E-605F-87B15148B120}.Debug|Any CPU.ActiveCfg = Debug|Any CPU
		{563B0B57-A34B-B63E-605F-87B15148B120}.Debug|Any CPU.Build.0 = Debug|Any CPU
		{563B0B57-A34B-B63E-605F-87B15148B120}.Release|Any CPU.ActiveCfg = Release|Any CPU
		{563B0B57-A34B-B63E-605F-87B15148B120}.Release|Any CPU.Build.0 = Release|Any CPU
		{463AE062-089F-9613-7263-6E77F0C9C160}.Debug|Any CPU.ActiveCfg = Debug|Any CPU
		{463AE062-089F-9613-7263-6E77F0C9C160}.Debug|Any CPU.Build.0 = Debug|Any CPU
		{463AE062-089F-9613-7263-6E77F0C9C160}.Release|Any CPU.ActiveCfg = Release|Any CPU
		{463AE062-089F-9613-7263-6E77F0C9C160}.Release|Any CPU.Build.0 = Release|Any CPU
	EndGlobalSection
	GlobalSection(SolutionProperties) = preSolution
		HideSolutionNode = FALSE
	EndGlobalSection
				GlobalSection(MonoDevelopProperties) = preSolution
		StartupItem = Assembly-CSharp.csproj
		Policies = $0
		$0.TextStylePolicy = $1
		$1.inheritsSet = null
		$1.scope = text/x-csharp
		$0.CSharpFormattingPolicy = $2
		$2.inheritsSet = Mono
		$2.inheritsScope = text/x-csharp
		$2.scope = text/x-csharp
		$0.TextStylePolicy = $3
		$3.FileWidth = 120
		$3.TabWidth = 4
		$3.IndentWidth = 4
		$3.EolMarker = Unix
		$3.inheritsSet = Mono
		$3.inheritsScope = text/plain
		$3.scope = text/plain
	EndGlobalSection

EndGlobal
